
Microsoft Visual Studio Solution File, Format Version 12.00
# Visual Studio Version 16
VisualStudioVersion = 16.0.31911.196
MinimumVisualStudioVersion = 10.0.40219.1
Project("{FAE04EC0-301F-11D3-BF4B-00C04F79EFBC}") = "AOC2021", "AOC2021\AOC2021.csproj", "{30A7B330-C0C6-45BA-B6FA-D6F477E19571}"
EndProject
Project("{FAE04EC0-301F-11D3-BF4B-00C04F79EFBC}") = "AOC2021_Test", "AOC2021_Test\AOC2021_Test.csproj", "{BEF9E0BA-8D68-43DE-BC1D-FC0C1D182B79}"
EndProject
Global
	GlobalSection(SolutionConfigurationPlatforms) = preSolution
		Debug|Any CPU = Debug|Any CPU
		Release|Any CPU = Release|Any CPU
	EndGlobalSection
	GlobalSection(ProjectConfigurationPlatforms) = postSolution
		{30A7B330-C0C6-45BA-B6FA-D6F477E19571}.Debug|Any CPU.ActiveCfg = Debug|Any CPU
		{30A7B330-C0C6-45BA-B6FA-D6F477E19571}.Debug|Any CPU.Build.0 = Debug|Any CPU
		{30A7B330-C0C6-45BA-B6FA-D6F477E19571}.Release|Any CPU.ActiveCfg = Release|Any CPU
		{30A7B330-C0C6-45BA-B6FA-D6F477E19571}.Release|Any CPU.Build.0 = Release|Any CPU
		{BEF9E0BA-8D68-43DE-BC1D-FC0C1D182B79}.Debug|Any CPU.ActiveCfg = Debug|Any CPU
		{BEF9E0BA-8D68-43DE-BC1D-FC0C1D182B79}.Debug|Any CPU.Build.0 = Debug|Any CPU
		{BEF9E0BA-8D68-43DE-BC1D-FC0C1D182B79}.Release|Any CPU.ActiveCfg = Release|Any CPU
		{BEF9E0BA-8D68-43DE-BC1D-FC0C1D182B79}.Release|Any CPU.Build.0 = Release|Any CPU
	EndGlobalSection
	GlobalSection(SolutionProperties) = preSolution
		HideSolutionNode = FALSE
	EndGlobalSection
	GlobalSection(ExtensibilityGlobals) = postSolution
		SolutionGuid = {BEBD75FE-E18F-4F38-8072-7C655BFC48CB}
	EndGlobalSection
EndGlobal
