
Microsoft Visual Studio Solution File, Format Version 12.00
# Visual Studio Version 16
VisualStudioVersion = 16.0.31911.196
MinimumVisualStudioVersion = 10.0.40219.1
Project("{9A19103F-16F7-4668-BE54-9A1E7A4F7556}") = "AOC2021_1", "AOC2021_1\AOC2021_1.csproj", "{79D024ED-FB84-4E75-BD72-B41AA8730CAA}"
EndProject
Project("{9A19103F-16F7-4668-BE54-9A1E7A4F7556}") = "AOC2021_1_Test", "AOC2021_1_Test\AOC2021_1_Test.csproj", "{126AE975-FE1F-48EC-9337-032604B8612B}"
EndProject
Project("{9A19103F-16F7-4668-BE54-9A1E7A4F7556}") = "AOC2021_2", "AOC2021_2\AOC2021_2.csproj", "{A84991D4-2F16-4108-BD04-1A5B123BC88C}"
EndProject
Project("{9A19103F-16F7-4668-BE54-9A1E7A4F7556}") = "AOC2021_2_Test", "AOC2021_2_Test\AOC2021_2_Test.csproj", "{32C7C70A-64C4-4146-9FFE-3400D8383F0A}"
EndProject
Project("{9A19103F-16F7-4668-BE54-9A1E7A4F7556}") = "AOC2021_3", "AOC2021_3\AOC2021_3.csproj", "{72AF197C-162D-4963-9CBA-3E2BED9A0236}"
EndProject
Project("{9A19103F-16F7-4668-BE54-9A1E7A4F7556}") = "AOC2021_3_Test", "AOC2021_3_Test\AOC2021_3_Test.csproj", "{B1619F5A-E349-45EF-9B25-6F9EAFA174B2}"
EndProject
Project("{9A19103F-16F7-4668-BE54-9A1E7A4F7556}") = "AOC2021_4", "AOC2021_4\AOC2021_4.csproj", "{FBD06D2C-8873-4C0D-A67D-CB281B2BFA4E}"
EndProject
Project("{9A19103F-16F7-4668-BE54-9A1E7A4F7556}") = "AOC2021_4_Test", "AOC2021_4_Test\AOC2021_4_Test.csproj", "{B1619F5A-E349-45EF-9B25-6F9EAFA174B3}"
EndProject
Project("{9A19103F-16F7-4668-BE54-9A1E7A4F7556}") = "AOC2021_5", "AOC2021_5\AOC2021_5.csproj", "{F8D44BAC-8E5A-4F0B-9584-90DE80BE425F}"
EndProject
Project("{9A19103F-16F7-4668-BE54-9A1E7A4F7556}") = "AOC2021_5_Test", "AOC2021_5_Test\AOC2021_5_Test.csproj", "{E40A49AB-9EB2-4188-A44A-DB1E42CF784C}"
EndProject
Project("{FAE04EC0-301F-11D3-BF4B-00C04F79EFBC}") = "AOC2021_6", "AOC2021_6\AOC2021_6.csproj", "{43F89C6E-4916-486A-AC43-5909A56804BE}"
EndProject
Project("{FAE04EC0-301F-11D3-BF4B-00C04F79EFBC}") = "AOC2021_6_Test", "AOC2021_6_Test\AOC2021_6_Test.csproj", "{3BA66FAE-9B6D-4D27-A25D-2C0CD53D7E96}"
EndProject
Global
	GlobalSection(SolutionConfigurationPlatforms) = preSolution
		Debug|Any CPU = Debug|Any CPU
		Release|Any CPU = Release|Any CPU
	EndGlobalSection
	GlobalSection(ProjectConfigurationPlatforms) = postSolution
		{79D024ED-FB84-4E75-BD72-B41AA8730CAA}.Debug|Any CPU.ActiveCfg = Debug|Any CPU
		{79D024ED-FB84-4E75-BD72-B41AA8730CAA}.Debug|Any CPU.Build.0 = Debug|Any CPU
		{79D024ED-FB84-4E75-BD72-B41AA8730CAA}.Release|Any CPU.ActiveCfg = Release|Any CPU
		{79D024ED-FB84-4E75-BD72-B41AA8730CAA}.Release|Any CPU.Build.0 = Release|Any CPU
		{126AE975-FE1F-48EC-9337-032604B8612B}.Debug|Any CPU.ActiveCfg = Debug|Any CPU
		{126AE975-FE1F-48EC-9337-032604B8612B}.Debug|Any CPU.Build.0 = Debug|Any CPU
		{126AE975-FE1F-48EC-9337-032604B8612B}.Release|Any CPU.ActiveCfg = Release|Any CPU
		{126AE975-FE1F-48EC-9337-032604B8612B}.Release|Any CPU.Build.0 = Release|Any CPU
		{A84991D4-2F16-4108-BD04-1A5B123BC88C}.Debug|Any CPU.ActiveCfg = Debug|Any CPU
		{A84991D4-2F16-4108-BD04-1A5B123BC88C}.Debug|Any CPU.Build.0 = Debug|Any CPU
		{A84991D4-2F16-4108-BD04-1A5B123BC88C}.Release|Any CPU.ActiveCfg = Release|Any CPU
		{A84991D4-2F16-4108-BD04-1A5B123BC88C}.Release|Any CPU.Build.0 = Release|Any CPU
		{32C7C70A-64C4-4146-9FFE-3400D8383F0A}.Debug|Any CPU.ActiveCfg = Debug|Any CPU
		{32C7C70A-64C4-4146-9FFE-3400D8383F0A}.Debug|Any CPU.Build.0 = Debug|Any CPU
		{32C7C70A-64C4-4146-9FFE-3400D8383F0A}.Release|Any CPU.ActiveCfg = Release|Any CPU
		{32C7C70A-64C4-4146-9FFE-3400D8383F0A}.Release|Any CPU.Build.0 = Release|Any CPU
		{72AF197C-162D-4963-9CBA-3E2BED9A0236}.Debug|Any CPU.ActiveCfg = Debug|Any CPU
		{72AF197C-162D-4963-9CBA-3E2BED9A0236}.Debug|Any CPU.Build.0 = Debug|Any CPU
		{72AF197C-162D-4963-9CBA-3E2BED9A0236}.Release|Any CPU.ActiveCfg = Release|Any CPU
		{72AF197C-162D-4963-9CBA-3E2BED9A0236}.Release|Any CPU.Build.0 = Release|Any CPU
		{B1619F5A-E349-45EF-9B25-6F9EAFA174B2}.Debug|Any CPU.ActiveCfg = Debug|Any CPU
		{B1619F5A-E349-45EF-9B25-6F9EAFA174B2}.Debug|Any CPU.Build.0 = Debug|Any CPU
		{B1619F5A-E349-45EF-9B25-6F9EAFA174B2}.Release|Any CPU.ActiveCfg = Release|Any CPU
		{B1619F5A-E349-45EF-9B25-6F9EAFA174B2}.Release|Any CPU.Build.0 = Release|Any CPU
		{FBD06D2C-8873-4C0D-A67D-CB281B2BFA4E}.Debug|Any CPU.ActiveCfg = Debug|Any CPU
		{FBD06D2C-8873-4C0D-A67D-CB281B2BFA4E}.Debug|Any CPU.Build.0 = Debug|Any CPU
		{FBD06D2C-8873-4C0D-A67D-CB281B2BFA4E}.Release|Any CPU.ActiveCfg = Release|Any CPU
		{FBD06D2C-8873-4C0D-A67D-CB281B2BFA4E}.Release|Any CPU.Build.0 = Release|Any CPU
		{B1619F5A-E349-45EF-9B25-6F9EAFA174B3}.Debug|Any CPU.ActiveCfg = Debug|Any CPU
		{B1619F5A-E349-45EF-9B25-6F9EAFA174B3}.Debug|Any CPU.Build.0 = Debug|Any CPU
		{B1619F5A-E349-45EF-9B25-6F9EAFA174B3}.Release|Any CPU.ActiveCfg = Release|Any CPU
		{B1619F5A-E349-45EF-9B25-6F9EAFA174B3}.Release|Any CPU.Build.0 = Release|Any CPU
		{F8D44BAC-8E5A-4F0B-9584-90DE80BE425F}.Debug|Any CPU.ActiveCfg = Debug|Any CPU
		{F8D44BAC-8E5A-4F0B-9584-90DE80BE425F}.Debug|Any CPU.Build.0 = Debug|Any CPU
		{F8D44BAC-8E5A-4F0B-9584-90DE80BE425F}.Release|Any CPU.ActiveCfg = Release|Any CPU
		{F8D44BAC-8E5A-4F0B-9584-90DE80BE425F}.Release|Any CPU.Build.0 = Release|Any CPU
		{E40A49AB-9EB2-4188-A44A-DB1E42CF784C}.Debug|Any CPU.ActiveCfg = Debug|Any CPU
		{E40A49AB-9EB2-4188-A44A-DB1E42CF784C}.Debug|Any CPU.Build.0 = Debug|Any CPU
		{E40A49AB-9EB2-4188-A44A-DB1E42CF784C}.Release|Any CPU.ActiveCfg = Release|Any CPU
		{E40A49AB-9EB2-4188-A44A-DB1E42CF784C}.Release|Any CPU.Build.0 = Release|Any CPU
		{43F89C6E-4916-486A-AC43-5909A56804BE}.Debug|Any CPU.ActiveCfg = Debug|Any CPU
		{43F89C6E-4916-486A-AC43-5909A56804BE}.Debug|Any CPU.Build.0 = Debug|Any CPU
		{43F89C6E-4916-486A-AC43-5909A56804BE}.Release|Any CPU.ActiveCfg = Release|Any CPU
		{43F89C6E-4916-486A-AC43-5909A56804BE}.Release|Any CPU.Build.0 = Release|Any CPU
		{3BA66FAE-9B6D-4D27-A25D-2C0CD53D7E96}.Debug|Any CPU.ActiveCfg = Debug|Any CPU
		{3BA66FAE-9B6D-4D27-A25D-2C0CD53D7E96}.Debug|Any CPU.Build.0 = Debug|Any CPU
		{3BA66FAE-9B6D-4D27-A25D-2C0CD53D7E96}.Release|Any CPU.ActiveCfg = Release|Any CPU
		{3BA66FAE-9B6D-4D27-A25D-2C0CD53D7E96}.Release|Any CPU.Build.0 = Release|Any CPU
	EndGlobalSection
	GlobalSection(SolutionProperties) = preSolution
		HideSolutionNode = FALSE
	EndGlobalSection
	GlobalSection(ExtensibilityGlobals) = postSolution
		SolutionGuid = {BEBD75FE-E18F-4F38-8072-7C655BFC48CB}
	EndGlobalSection
EndGlobal
